
Microsoft Visual Studio Solution File, Format Version 12.00
# Visual Studio Version 17
VisualStudioVersion = 17.0.32112.339
MinimumVisualStudioVersion = 10.0.40219.1
Project("{FAE04EC0-301F-11D3-BF4B-00C04F79EFBC}") = "ImageViewers", "ImageViewers\ImageViewers.csproj", "{05E92E4E-67CE-4D49-82A1-FBEC5EF8D3DC}"
EndProject
Global
	GlobalSection(SolutionConfigurationPlatforms) = preSolution
		Debug|Any CPU = Debug|Any CPU
		Release|Any CPU = Release|Any CPU
	EndGlobalSection
	GlobalSection(ProjectConfigurationPlatforms) = postSolution
		{05E92E4E-67CE-4D49-82A1-FBEC5EF8D3DC}.Debug|Any CPU.ActiveCfg = Debug|Any CPU
		{05E92E4E-67CE-4D49-82A1-FBEC5EF8D3DC}.Debug|Any CPU.Build.0 = Debug|Any CPU
		{05E92E4E-67CE-4D49-82A1-FBEC5EF8D3DC}.Release|Any CPU.ActiveCfg = Release|Any CPU
		{05E92E4E-67CE-4D49-82A1-FBEC5EF8D3DC}.Release|Any CPU.Build.0 = Release|Any CPU
	EndGlobalSection
	GlobalSection(SolutionProperties) = preSolution
		HideSolutionNode = FALSE
	EndGlobalSection
	GlobalSection(ExtensibilityGlobals) = postSolution
		SolutionGuid = {07A3D739-2894-43EF-8BA3-9FA5591771F5}
	EndGlobalSection
EndGlobal
